// !$*UTF8*$!
{
	archiveVersion = 1;
	classes = {
	};
	objectVersion = 46;
	objects = {

/* Begin PBXBuildFile section */
		06D7DC9A1C164C9700B83161 /* EmojiFaces.storyboard in Resources */ = {isa = PBXBuildFile; fileRef = 06D7DC971C164C9700B83161 /* EmojiFaces.storyboard */; };
		06D7DC9B1C164C9700B83161 /* EmojiFacesViewController.m in Sources */ = {isa = PBXBuildFile; fileRef = 06D7DC991C164C9700B83161 /* EmojiFacesViewController.m */; };
		06D7DCA81C164CA500B83161 /* em1.png in Resources */ = {isa = PBXBuildFile; fileRef = 06D7DC9C1C164CA500B83161 /* em1.png */; };
		06D7DCA91C164CA500B83161 /* em2.png in Resources */ = {isa = PBXBuildFile; fileRef = 06D7DC9D1C164CA500B83161 /* em2.png */; };
		06D7DCAA1C164CA500B83161 /* em3.png in Resources */ = {isa = PBXBuildFile; fileRef = 06D7DC9E1C164CA500B83161 /* em3.png */; };
		06D7DCAB1C164CA500B83161 /* em4.png in Resources */ = {isa = PBXBuildFile; fileRef = 06D7DC9F1C164CA500B83161 /* em4.png */; };
		06D7DCAC1C164CA500B83161 /* em5.png in Resources */ = {isa = PBXBuildFile; fileRef = 06D7DCA01C164CA500B83161 /* em5.png */; };
		06D7DCAD1C164CA500B83161 /* em6.png in Resources */ = {isa = PBXBuildFile; fileRef = 06D7DCA11C164CA500B83161 /* em6.png */; };
		06D7DCAE1C164CA500B83161 /* em7.png in Resources */ = {isa = PBXBuildFile; fileRef = 06D7DCA21C164CA500B83161 /* em7.png */; };
		06D7DCAF1C164CA500B83161 /* em8.png in Resources */ = {isa = PBXBuildFile; fileRef = 06D7DCA31C164CA500B83161 /* em8.png */; };
		06D7DCB01C164CA500B83161 /* em9.png in Resources */ = {isa = PBXBuildFile; fileRef = 06D7DCA41C164CA500B83161 /* em9.png */; };
		06D7DCB11C164CA500B83161 /* em10.png in Resources */ = {isa = PBXBuildFile; fileRef = 06D7DCA51C164CA500B83161 /* em10.png */; };
		06D7DCB21C164CA500B83161 /* em11.png in Resources */ = {isa = PBXBuildFile; fileRef = 06D7DCA61C164CA500B83161 /* em11.png */; };
		06D7DCB31C164CA500B83161 /* em12.png in Resources */ = {isa = PBXBuildFile; fileRef = 06D7DCA71C164CA500B83161 /* em12.png */; };
		094DD2D51C162EFF0014CF70 /* Marcin.png in Resources */ = {isa = PBXBuildFile; fileRef = 094DD2D41C162EFF0014CF70 /* Marcin.png */; };
		09DCAD681C14DEA800051079 /* LeavingCardViewController.m in Sources */ = {isa = PBXBuildFile; fileRef = 09DCAD671C14DEA800051079 /* LeavingCardViewController.m */; };
		09DCAD6A1C14DFCE00051079 /* LeavingCardViewController.xib in Resources */ = {isa = PBXBuildFile; fileRef = 09DCAD691C14DFCE00051079 /* LeavingCardViewController.xib */; };
		09DCAD711C14E26800051079 /* LeavingMessageTableViewCell.m in Sources */ = {isa = PBXBuildFile; fileRef = 09DCAD6F1C14E26800051079 /* LeavingMessageTableViewCell.m */; };
		09DCAD721C14E26800051079 /* LeavingMessageTableViewCell.xib in Resources */ = {isa = PBXBuildFile; fileRef = 09DCAD701C14E26800051079 /* LeavingMessageTableViewCell.xib */; };
		3786C6561C16452D0048BC7B /* TriangleView.m in Sources */ = {isa = PBXBuildFile; fileRef = 3786C6551C16452D0048BC7B /* TriangleView.m */; };
		66FC049F1C1991F600401470 /* TeamEmojis.xcassets in Resources */ = {isa = PBXBuildFile; fileRef = 66FC049E1C1991F600401470 /* TeamEmojis.xcassets */; };
		66FC04A11C199A6600401470 /* marcin1.m4a in Resources */ = {isa = PBXBuildFile; fileRef = 66FC04A01C199A6600401470 /* marcin1.m4a */; };
		D0E62E7D1C199AF000B426DF /* MyParticle.sks in Resources */ = {isa = PBXBuildFile; fileRef = D0E62E7B1C199AF000B426DF /* MyParticle.sks */; };
		D0E62E7E1C199AF100B426DF /* spark.png in Resources */ = {isa = PBXBuildFile; fileRef = D0E62E7C1C199AF000B426DF /* spark.png */; };
		D0E62E801C199C4600B426DF /* SpriteKit.framework in Frameworks */ = {isa = PBXBuildFile; fileRef = D0E62E7F1C199C4600B426DF /* SpriteKit.framework */; };
		D0ECD05A1C19A5AD00B9B26F /* Peter.png in Resources */ = {isa = PBXBuildFile; fileRef = D0ECD0591C19A5AD00B9B26F /* Peter.png */; };
		E23112521C150CA100EDEA97 /* PearKingView.m in Sources */ = {isa = PBXBuildFile; fileRef = E23112511C150CA100EDEA97 /* PearKingView.m */; };
		E2C1FB591C0B8A0C00E1ACF4 /* ChompViewController.m in Sources */ = {isa = PBXBuildFile; fileRef = E2C1FB581C0B8A0C00E1ACF4 /* ChompViewController.m */; };
		E2C65A061C03EA710058BAD6 /* main.m in Sources */ = {isa = PBXBuildFile; fileRef = E2C65A051C03EA710058BAD6 /* main.m */; };
		E2C65A091C03EA710058BAD6 /* AppDelegate.m in Sources */ = {isa = PBXBuildFile; fileRef = E2C65A081C03EA710058BAD6 /* AppDelegate.m */; };
		E2C65A0C1C03EA710058BAD6 /* ViewController.m in Sources */ = {isa = PBXBuildFile; fileRef = E2C65A0B1C03EA710058BAD6 /* ViewController.m */; };
		E2C65A0F1C03EA710058BAD6 /* Main.storyboard in Resources */ = {isa = PBXBuildFile; fileRef = E2C65A0D1C03EA710058BAD6 /* Main.storyboard */; };
		E2C65A111C03EA710058BAD6 /* Assets.xcassets in Resources */ = {isa = PBXBuildFile; fileRef = E2C65A101C03EA710058BAD6 /* Assets.xcassets */; };
		E2C65A141C03EA710058BAD6 /* LaunchScreen.storyboard in Resources */ = {isa = PBXBuildFile; fileRef = E2C65A121C03EA710058BAD6 /* LaunchScreen.storyboard */; };
		E2C65A1D1C03EFC70058BAD6 /* MenuCollectionViewCell.m in Sources */ = {isa = PBXBuildFile; fileRef = E2C65A1C1C03EFC70058BAD6 /* MenuCollectionViewCell.m */; };
		E2C65A231C03F3380058BAD6 /* QuoteMachineViewController.m in Sources */ = {isa = PBXBuildFile; fileRef = E2C65A221C03F3380058BAD6 /* QuoteMachineViewController.m */; };
		E2C65A251C03F3540058BAD6 /* QuoteMachineViewController.xib in Resources */ = {isa = PBXBuildFile; fileRef = E2C65A241C03F3540058BAD6 /* QuoteMachineViewController.xib */; };
/* End PBXBuildFile section */

/* Begin PBXFileReference section */
		06D7DC971C164C9700B83161 /* EmojiFaces.storyboard */ = {isa = PBXFileReference; fileEncoding = 4; lastKnownFileType = file.storyboard; name = EmojiFaces.storyboard; path = "Emoji Face/EmojiFaces.storyboard"; sourceTree = "<group>"; };
		06D7DC981C164C9700B83161 /* EmojiFacesViewController.h */ = {isa = PBXFileReference; fileEncoding = 4; lastKnownFileType = sourcecode.c.h; name = EmojiFacesViewController.h; path = "Emoji Face/EmojiFacesViewController.h"; sourceTree = "<group>"; };
		06D7DC991C164C9700B83161 /* EmojiFacesViewController.m */ = {isa = PBXFileReference; fileEncoding = 4; lastKnownFileType = sourcecode.c.objc; name = EmojiFacesViewController.m; path = "Emoji Face/EmojiFacesViewController.m"; sourceTree = "<group>"; };
		06D7DC9C1C164CA500B83161 /* em1.png */ = {isa = PBXFileReference; lastKnownFileType = image.png; path = em1.png; sourceTree = "<group>"; };
		06D7DC9D1C164CA500B83161 /* em2.png */ = {isa = PBXFileReference; lastKnownFileType = image.png; path = em2.png; sourceTree = "<group>"; };
		06D7DC9E1C164CA500B83161 /* em3.png */ = {isa = PBXFileReference; lastKnownFileType = image.png; path = em3.png; sourceTree = "<group>"; };
		06D7DC9F1C164CA500B83161 /* em4.png */ = {isa = PBXFileReference; lastKnownFileType = image.png; path = em4.png; sourceTree = "<group>"; };
		06D7DCA01C164CA500B83161 /* em5.png */ = {isa = PBXFileReference; lastKnownFileType = image.png; path = em5.png; sourceTree = "<group>"; };
		06D7DCA11C164CA500B83161 /* em6.png */ = {isa = PBXFileReference; lastKnownFileType = image.png; path = em6.png; sourceTree = "<group>"; };
		06D7DCA21C164CA500B83161 /* em7.png */ = {isa = PBXFileReference; lastKnownFileType = image.png; path = em7.png; sourceTree = "<group>"; };
		06D7DCA31C164CA500B83161 /* em8.png */ = {isa = PBXFileReference; lastKnownFileType = image.png; path = em8.png; sourceTree = "<group>"; };
		06D7DCA41C164CA500B83161 /* em9.png */ = {isa = PBXFileReference; lastKnownFileType = image.png; path = em9.png; sourceTree = "<group>"; };
		06D7DCA51C164CA500B83161 /* em10.png */ = {isa = PBXFileReference; lastKnownFileType = image.png; path = em10.png; sourceTree = "<group>"; };
		06D7DCA61C164CA500B83161 /* em11.png */ = {isa = PBXFileReference; lastKnownFileType = image.png; path = em11.png; sourceTree = "<group>"; };
		06D7DCA71C164CA500B83161 /* em12.png */ = {isa = PBXFileReference; lastKnownFileType = image.png; path = em12.png; sourceTree = "<group>"; };
		094DD2D41C162EFF0014CF70 /* Marcin.png */ = {isa = PBXFileReference; lastKnownFileType = image.png; name = Marcin.png; path = LeavingCard/Messages/Marcin.png; sourceTree = "<group>"; };
		09DCAD661C14DEA800051079 /* LeavingCardViewController.h */ = {isa = PBXFileReference; fileEncoding = 4; lastKnownFileType = sourcecode.c.h; name = LeavingCardViewController.h; path = LeavingCard/LeavingCardViewController.h; sourceTree = "<group>"; };
		09DCAD671C14DEA800051079 /* LeavingCardViewController.m */ = {isa = PBXFileReference; fileEncoding = 4; lastKnownFileType = sourcecode.c.objc; name = LeavingCardViewController.m; path = LeavingCard/LeavingCardViewController.m; sourceTree = "<group>"; };
		09DCAD691C14DFCE00051079 /* LeavingCardViewController.xib */ = {isa = PBXFileReference; fileEncoding = 4; lastKnownFileType = file.xib; name = LeavingCardViewController.xib; path = LeavingCard/LeavingCardViewController.xib; sourceTree = "<group>"; };
		09DCAD6E1C14E26800051079 /* LeavingMessageTableViewCell.h */ = {isa = PBXFileReference; fileEncoding = 4; lastKnownFileType = sourcecode.c.h; name = LeavingMessageTableViewCell.h; path = "LeavingCard/Table View Cell/LeavingMessageTableViewCell.h"; sourceTree = "<group>"; };
		09DCAD6F1C14E26800051079 /* LeavingMessageTableViewCell.m */ = {isa = PBXFileReference; fileEncoding = 4; lastKnownFileType = sourcecode.c.objc; name = LeavingMessageTableViewCell.m; path = "LeavingCard/Table View Cell/LeavingMessageTableViewCell.m"; sourceTree = "<group>"; };
		09DCAD701C14E26800051079 /* LeavingMessageTableViewCell.xib */ = {isa = PBXFileReference; fileEncoding = 4; lastKnownFileType = file.xib; name = LeavingMessageTableViewCell.xib; path = "LeavingCard/Table View Cell/LeavingMessageTableViewCell.xib"; sourceTree = "<group>"; };
		3786C6541C16452D0048BC7B /* TriangleView.h */ = {isa = PBXFileReference; fileEncoding = 4; lastKnownFileType = sourcecode.c.h; name = TriangleView.h; path = QuoteMachine/TriangleView.h; sourceTree = "<group>"; };
		3786C6551C16452D0048BC7B /* TriangleView.m */ = {isa = PBXFileReference; fileEncoding = 4; lastKnownFileType = sourcecode.c.objc; name = TriangleView.m; path = QuoteMachine/TriangleView.m; sourceTree = "<group>"; };
		66FC049E1C1991F600401470 /* TeamEmojis.xcassets */ = {isa = PBXFileReference; lastKnownFileType = folder.assetcatalog; name = TeamEmojis.xcassets; path = QuoteMachine/TeamEmojis.xcassets; sourceTree = "<group>"; };
		66FC04A01C199A6600401470 /* marcin1.m4a */ = {isa = PBXFileReference; lastKnownFileType = file; path = marcin1.m4a; sourceTree = "<group>"; };
		D0E62E7B1C199AF000B426DF /* MyParticle.sks */ = {isa = PBXFileReference; lastKnownFileType = file.sks; name = MyParticle.sks; path = Chomp/MyParticle.sks; sourceTree = "<group>"; };
		D0E62E7C1C199AF000B426DF /* spark.png */ = {isa = PBXFileReference; lastKnownFileType = image.png; name = spark.png; path = Chomp/spark.png; sourceTree = "<group>"; };
		D0E62E7F1C199C4600B426DF /* SpriteKit.framework */ = {isa = PBXFileReference; lastKnownFileType = wrapper.framework; name = SpriteKit.framework; path = System/Library/Frameworks/SpriteKit.framework; sourceTree = SDKROOT; };
		D0ECD0591C19A5AD00B9B26F /* Peter.png */ = {isa = PBXFileReference; lastKnownFileType = image.png; path = Peter.png; sourceTree = "<group>"; };
		E23112501C150CA100EDEA97 /* PearKingView.h */ = {isa = PBXFileReference; fileEncoding = 4; lastKnownFileType = sourcecode.c.h; name = PearKingView.h; path = Chomp/PearKingView.h; sourceTree = "<group>"; };
		E23112511C150CA100EDEA97 /* PearKingView.m */ = {isa = PBXFileReference; fileEncoding = 4; lastKnownFileType = sourcecode.c.objc; name = PearKingView.m; path = Chomp/PearKingView.m; sourceTree = "<group>"; };
		E2C1FB571C0B8A0C00E1ACF4 /* ChompViewController.h */ = {isa = PBXFileReference; fileEncoding = 4; lastKnownFileType = sourcecode.c.h; name = ChompViewController.h; path = Chomp/ChompViewController.h; sourceTree = "<group>"; };
		E2C1FB581C0B8A0C00E1ACF4 /* ChompViewController.m */ = {isa = PBXFileReference; fileEncoding = 4; lastKnownFileType = sourcecode.c.objc; name = ChompViewController.m; path = Chomp/ChompViewController.m; sourceTree = "<group>"; };
		E2C65A011C03EA710058BAD6 /* ThePear.app */ = {isa = PBXFileReference; explicitFileType = wrapper.application; includeInIndex = 0; path = ThePear.app; sourceTree = BUILT_PRODUCTS_DIR; };
		E2C65A051C03EA710058BAD6 /* main.m */ = {isa = PBXFileReference; lastKnownFileType = sourcecode.c.objc; path = main.m; sourceTree = "<group>"; };
		E2C65A071C03EA710058BAD6 /* AppDelegate.h */ = {isa = PBXFileReference; lastKnownFileType = sourcecode.c.h; path = AppDelegate.h; sourceTree = "<group>"; };
		E2C65A081C03EA710058BAD6 /* AppDelegate.m */ = {isa = PBXFileReference; lastKnownFileType = sourcecode.c.objc; path = AppDelegate.m; sourceTree = "<group>"; };
		E2C65A0A1C03EA710058BAD6 /* ViewController.h */ = {isa = PBXFileReference; lastKnownFileType = sourcecode.c.h; path = ViewController.h; sourceTree = "<group>"; };
		E2C65A0B1C03EA710058BAD6 /* ViewController.m */ = {isa = PBXFileReference; lastKnownFileType = sourcecode.c.objc; path = ViewController.m; sourceTree = "<group>"; };
		E2C65A0E1C03EA710058BAD6 /* Base */ = {isa = PBXFileReference; lastKnownFileType = file.storyboard; name = Base; path = Base.lproj/Main.storyboard; sourceTree = "<group>"; };
		E2C65A101C03EA710058BAD6 /* Assets.xcassets */ = {isa = PBXFileReference; lastKnownFileType = folder.assetcatalog; path = Assets.xcassets; sourceTree = "<group>"; };
		E2C65A131C03EA710058BAD6 /* Base */ = {isa = PBXFileReference; lastKnownFileType = file.storyboard; name = Base; path = Base.lproj/LaunchScreen.storyboard; sourceTree = "<group>"; };
		E2C65A151C03EA710058BAD6 /* Info.plist */ = {isa = PBXFileReference; lastKnownFileType = text.plist.xml; path = Info.plist; sourceTree = "<group>"; };
		E2C65A1B1C03EFC70058BAD6 /* MenuCollectionViewCell.h */ = {isa = PBXFileReference; fileEncoding = 4; lastKnownFileType = sourcecode.c.h; path = MenuCollectionViewCell.h; sourceTree = "<group>"; };
		E2C65A1C1C03EFC70058BAD6 /* MenuCollectionViewCell.m */ = {isa = PBXFileReference; fileEncoding = 4; lastKnownFileType = sourcecode.c.objc; path = MenuCollectionViewCell.m; sourceTree = "<group>"; };
		E2C65A211C03F3380058BAD6 /* QuoteMachineViewController.h */ = {isa = PBXFileReference; fileEncoding = 4; lastKnownFileType = sourcecode.c.h; name = QuoteMachineViewController.h; path = QuoteMachine/QuoteMachineViewController.h; sourceTree = "<group>"; };
		E2C65A221C03F3380058BAD6 /* QuoteMachineViewController.m */ = {isa = PBXFileReference; fileEncoding = 4; lastKnownFileType = sourcecode.c.objc; name = QuoteMachineViewController.m; path = QuoteMachine/QuoteMachineViewController.m; sourceTree = "<group>"; };
		E2C65A241C03F3540058BAD6 /* QuoteMachineViewController.xib */ = {isa = PBXFileReference; fileEncoding = 4; lastKnownFileType = file.xib; path = QuoteMachineViewController.xib; sourceTree = "<group>"; };
/* End PBXFileReference section */

/* Begin PBXFrameworksBuildPhase section */
		E2C659FE1C03EA710058BAD6 /* Frameworks */ = {
			isa = PBXFrameworksBuildPhase;
			buildActionMask = 2147483647;
			files = (
				D0E62E801C199C4600B426DF /* SpriteKit.framework in Frameworks */,
			);
			runOnlyForDeploymentPostprocessing = 0;
		};
/* End PBXFrameworksBuildPhase section */

/* Begin PBXGroup section */
		06D7DC961C164C5D00B83161 /* Emoji Face */ = {
			isa = PBXGroup;
			children = (
				06D7DC971C164C9700B83161 /* EmojiFaces.storyboard */,
				06D7DC981C164C9700B83161 /* EmojiFacesViewController.h */,
				06D7DC991C164C9700B83161 /* EmojiFacesViewController.m */,
				06D7DC9C1C164CA500B83161 /* em1.png */,
				06D7DC9D1C164CA500B83161 /* em2.png */,
				06D7DC9E1C164CA500B83161 /* em3.png */,
				06D7DC9F1C164CA500B83161 /* em4.png */,
				06D7DCA01C164CA500B83161 /* em5.png */,
				06D7DCA11C164CA500B83161 /* em6.png */,
				06D7DCA21C164CA500B83161 /* em7.png */,
				06D7DCA31C164CA500B83161 /* em8.png */,
				06D7DCA41C164CA500B83161 /* em9.png */,
				06D7DCA51C164CA500B83161 /* em10.png */,
				06D7DCA61C164CA500B83161 /* em11.png */,
				06D7DCA71C164CA500B83161 /* em12.png */,
			);
			name = "Emoji Face";
			sourceTree = "<group>";
		};
		094DD2D31C162EE20014CF70 /* Messages */ = {
			isa = PBXGroup;
			children = (
				D0ECD0591C19A5AD00B9B26F /* Peter.png */,
				094DD2D41C162EFF0014CF70 /* Marcin.png */,
			);
			name = Messages;
			sourceTree = "<group>";
		};
		09DCAD651C14DE4900051079 /* Sorry you're leaving */ = {
			isa = PBXGroup;
			children = (
				094DD2D31C162EE20014CF70 /* Messages */,
				09DCAD6D1C14E22300051079 /* Table View Cell */,
				09DCAD661C14DEA800051079 /* LeavingCardViewController.h */,
				09DCAD671C14DEA800051079 /* LeavingCardViewController.m */,
				09DCAD691C14DFCE00051079 /* LeavingCardViewController.xib */,
			);
			name = "Sorry you're leaving";
			sourceTree = "<group>";
		};
		09DCAD6D1C14E22300051079 /* Table View Cell */ = {
			isa = PBXGroup;
			children = (
				09DCAD6E1C14E26800051079 /* LeavingMessageTableViewCell.h */,
				09DCAD6F1C14E26800051079 /* LeavingMessageTableViewCell.m */,
				09DCAD701C14E26800051079 /* LeavingMessageTableViewCell.xib */,
			);
			name = "Table View Cell";
			sourceTree = "<group>";
		};
		66FC04A21C199A7000401470 /* Audio Quotes */ = {
			isa = PBXGroup;
			children = (
				66FC04A01C199A6600401470 /* marcin1.m4a */,
			);
			name = "Audio Quotes";
			sourceTree = "<group>";
		};
		E2C1FB561C0B898800E1ACF4 /* Chomp */ = {
			isa = PBXGroup;
			children = (
				E2C1FB571C0B8A0C00E1ACF4 /* ChompViewController.h */,
				E2C1FB581C0B8A0C00E1ACF4 /* ChompViewController.m */,
				E23112501C150CA100EDEA97 /* PearKingView.h */,
				E23112511C150CA100EDEA97 /* PearKingView.m */,
				D0E62E7B1C199AF000B426DF /* MyParticle.sks */,
				D0E62E7C1C199AF000B426DF /* spark.png */,
			);
			name = Chomp;
			sourceTree = "<group>";
		};
		E2C659F81C03EA710058BAD6 = {
			isa = PBXGroup;
			children = (
				D0E62E7F1C199C4600B426DF /* SpriteKit.framework */,
				E2C65A031C03EA710058BAD6 /* ThePear */,
				E2C65A021C03EA710058BAD6 /* Products */,
			);
			sourceTree = "<group>";
		};
		E2C65A021C03EA710058BAD6 /* Products */ = {
			isa = PBXGroup;
			children = (
				E2C65A011C03EA710058BAD6 /* ThePear.app */,
			);
			name = Products;
			sourceTree = "<group>";
		};
		E2C65A031C03EA710058BAD6 /* ThePear */ = {
			isa = PBXGroup;
			children = (
				09DCAD651C14DE4900051079 /* Sorry you're leaving */,
				06D7DC961C164C5D00B83161 /* Emoji Face */,
				E2C1FB561C0B898800E1ACF4 /* Chomp */,
				E2C65A1E1C03F2F80058BAD6 /* QuoteMachine */,
				E2C65A071C03EA710058BAD6 /* AppDelegate.h */,
				E2C65A081C03EA710058BAD6 /* AppDelegate.m */,
				E2C65A0A1C03EA710058BAD6 /* ViewController.h */,
				E2C65A0B1C03EA710058BAD6 /* ViewController.m */,
				E2C65A1B1C03EFC70058BAD6 /* MenuCollectionViewCell.h */,
				E2C65A1C1C03EFC70058BAD6 /* MenuCollectionViewCell.m */,
				E2C65A0D1C03EA710058BAD6 /* Main.storyboard */,
				E2C65A101C03EA710058BAD6 /* Assets.xcassets */,
				66FC049E1C1991F600401470 /* TeamEmojis.xcassets */,
				E2C65A121C03EA710058BAD6 /* LaunchScreen.storyboard */,
				E2C65A151C03EA710058BAD6 /* Info.plist */,
				E2C65A041C03EA710058BAD6 /* Supporting Files */,
			);
			path = ThePear;
			sourceTree = "<group>";
		};
		E2C65A041C03EA710058BAD6 /* Supporting Files */ = {
			isa = PBXGroup;
			children = (
				E2C65A051C03EA710058BAD6 /* main.m */,
			);
			name = "Supporting Files";
			sourceTree = "<group>";
		};
		E2C65A1E1C03F2F80058BAD6 /* QuoteMachine */ = {
			isa = PBXGroup;
			children = (
				E2C65A211C03F3380058BAD6 /* QuoteMachineViewController.h */,
				E2C65A221C03F3380058BAD6 /* QuoteMachineViewController.m */,
				E2C65A241C03F3540058BAD6 /* QuoteMachineViewController.xib */,
				3786C6541C16452D0048BC7B /* TriangleView.h */,
				3786C6551C16452D0048BC7B /* TriangleView.m */,
				66FC04A21C199A7000401470 /* Audio Quotes */,
			);
			name = QuoteMachine;
			sourceTree = "<group>";
		};
/* End PBXGroup section */

/* Begin PBXNativeTarget section */
		E2C65A001C03EA710058BAD6 /* ThePear */ = {
			isa = PBXNativeTarget;
			buildConfigurationList = E2C65A181C03EA710058BAD6 /* Build configuration list for PBXNativeTarget "ThePear" */;
			buildPhases = (
				E2C659FD1C03EA710058BAD6 /* Sources */,
				E2C659FE1C03EA710058BAD6 /* Frameworks */,
				E2C659FF1C03EA710058BAD6 /* Resources */,
			);
			buildRules = (
			);
			dependencies = (
			);
			name = ThePear;
			productName = ThePear;
			productReference = E2C65A011C03EA710058BAD6 /* ThePear.app */;
			productType = "com.apple.product-type.application";
		};
/* End PBXNativeTarget section */

/* Begin PBXProject section */
		E2C659F91C03EA710058BAD6 /* Project object */ = {
			isa = PBXProject;
			attributes = {
				LastUpgradeCheck = 0710;
				ORGANIZATIONNAME = SwiftKey;
				TargetAttributes = {
					E2C65A001C03EA710058BAD6 = {
						CreatedOnToolsVersion = 7.1.1;
					};
				};
			};
			buildConfigurationList = E2C659FC1C03EA710058BAD6 /* Build configuration list for PBXProject "ThePear" */;
			compatibilityVersion = "Xcode 3.2";
			developmentRegion = English;
			hasScannedForEncodings = 0;
			knownRegions = (
				en,
				Base,
			);
			mainGroup = E2C659F81C03EA710058BAD6;
			productRefGroup = E2C65A021C03EA710058BAD6 /* Products */;
			projectDirPath = "";
			projectRoot = "";
			targets = (
				E2C65A001C03EA710058BAD6 /* ThePear */,
			);
		};
/* End PBXProject section */

/* Begin PBXResourcesBuildPhase section */
		E2C659FF1C03EA710058BAD6 /* Resources */ = {
			isa = PBXResourcesBuildPhase;
			buildActionMask = 2147483647;
			files = (
				66FC049F1C1991F600401470 /* TeamEmojis.xcassets in Resources */,
				06D7DCAB1C164CA500B83161 /* em4.png in Resources */,
				09DCAD721C14E26800051079 /* LeavingMessageTableViewCell.xib in Resources */,
				06D7DCB11C164CA500B83161 /* em10.png in Resources */,
				09DCAD6A1C14DFCE00051079 /* LeavingCardViewController.xib in Resources */,
				D0E62E7D1C199AF000B426DF /* MyParticle.sks in Resources */,
				06D7DC9A1C164C9700B83161 /* EmojiFaces.storyboard in Resources */,
				06D7DCAF1C164CA500B83161 /* em8.png in Resources */,
				06D7DCA81C164CA500B83161 /* em1.png in Resources */,
				06D7DCA91C164CA500B83161 /* em2.png in Resources */,
				06D7DCAD1C164CA500B83161 /* em6.png in Resources */,
				094DD2D51C162EFF0014CF70 /* Marcin.png in Resources */,
				D0E62E7E1C199AF100B426DF /* spark.png in Resources */,
				E2C65A141C03EA710058BAD6 /* LaunchScreen.storyboard in Resources */,
				66FC04A11C199A6600401470 /* marcin1.m4a in Resources */,
				D0ECD05A1C19A5AD00B9B26F /* Peter.png in Resources */,
				06D7DCAE1C164CA500B83161 /* em7.png in Resources */,
				06D7DCB21C164CA500B83161 /* em11.png in Resources */,
				E2C65A251C03F3540058BAD6 /* QuoteMachineViewController.xib in Resources */,
				06D7DCB01C164CA500B83161 /* em9.png in Resources */,
				06D7DCAC1C164CA500B83161 /* em5.png in Resources */,
				06D7DCB31C164CA500B83161 /* em12.png in Resources */,
				E2C65A111C03EA710058BAD6 /* Assets.xcassets in Resources */,
				06D7DCAA1C164CA500B83161 /* em3.png in Resources */,
				E2C65A0F1C03EA710058BAD6 /* Main.storyboard in Resources */,
			);
			runOnlyForDeploymentPostprocessing = 0;
		};
/* End PBXResourcesBuildPhase section */

/* Begin PBXSourcesBuildPhase section */
		E2C659FD1C03EA710058BAD6 /* Sources */ = {
			isa = PBXSourcesBuildPhase;
			buildActionMask = 2147483647;
			files = (
				E23112521C150CA100EDEA97 /* PearKingView.m in Sources */,
				E2C1FB591C0B8A0C00E1ACF4 /* ChompViewController.m in Sources */,
				E2C65A231C03F3380058BAD6 /* QuoteMachineViewController.m in Sources */,
				E2C65A0C1C03EA710058BAD6 /* ViewController.m in Sources */,
				3786C6561C16452D0048BC7B /* TriangleView.m in Sources */,
				06D7DC9B1C164C9700B83161 /* EmojiFacesViewController.m in Sources */,
				E2C65A091C03EA710058BAD6 /* AppDelegate.m in Sources */,
				E2C65A061C03EA710058BAD6 /* main.m in Sources */,
				09DCAD711C14E26800051079 /* LeavingMessageTableViewCell.m in Sources */,
				E2C65A1D1C03EFC70058BAD6 /* MenuCollectionViewCell.m in Sources */,
				09DCAD681C14DEA800051079 /* LeavingCardViewController.m in Sources */,
			);
			runOnlyForDeploymentPostprocessing = 0;
		};
/* End PBXSourcesBuildPhase section */

/* Begin PBXVariantGroup section */
		E2C65A0D1C03EA710058BAD6 /* Main.storyboard */ = {
			isa = PBXVariantGroup;
			children = (
				E2C65A0E1C03EA710058BAD6 /* Base */,
			);
			name = Main.storyboard;
			sourceTree = "<group>";
		};
		E2C65A121C03EA710058BAD6 /* LaunchScreen.storyboard */ = {
			isa = PBXVariantGroup;
			children = (
				E2C65A131C03EA710058BAD6 /* Base */,
			);
			name = LaunchScreen.storyboard;
			sourceTree = "<group>";
		};
/* End PBXVariantGroup section */

/* Begin XCBuildConfiguration section */
		E2C65A161C03EA710058BAD6 /* Debug */ = {
			isa = XCBuildConfiguration;
			buildSettings = {
				ALWAYS_SEARCH_USER_PATHS = NO;
				CLANG_CXX_LANGUAGE_STANDARD = "gnu++0x";
				CLANG_CXX_LIBRARY = "libc++";
				CLANG_ENABLE_MODULES = YES;
				CLANG_ENABLE_OBJC_ARC = YES;
				CLANG_WARN_BOOL_CONVERSION = YES;
				CLANG_WARN_CONSTANT_CONVERSION = YES;
				CLANG_WARN_DIRECT_OBJC_ISA_USAGE = YES_ERROR;
				CLANG_WARN_EMPTY_BODY = YES;
				CLANG_WARN_ENUM_CONVERSION = YES;
				CLANG_WARN_INT_CONVERSION = YES;
				CLANG_WARN_OBJC_ROOT_CLASS = YES_ERROR;
				CLANG_WARN_UNREACHABLE_CODE = YES;
				CLANG_WARN__DUPLICATE_METHOD_MATCH = YES;
				"CODE_SIGN_IDENTITY[sdk=iphoneos*]" = "iPhone Developer";
				COPY_PHASE_STRIP = NO;
				DEBUG_INFORMATION_FORMAT = dwarf;
				ENABLE_STRICT_OBJC_MSGSEND = YES;
				ENABLE_TESTABILITY = YES;
				GCC_C_LANGUAGE_STANDARD = gnu99;
				GCC_DYNAMIC_NO_PIC = NO;
				GCC_NO_COMMON_BLOCKS = YES;
				GCC_OPTIMIZATION_LEVEL = 0;
				GCC_PREPROCESSOR_DEFINITIONS = (
					"DEBUG=1",
					"$(inherited)",
				);
				GCC_WARN_64_TO_32_BIT_CONVERSION = YES;
				GCC_WARN_ABOUT_RETURN_TYPE = YES_ERROR;
				GCC_WARN_UNDECLARED_SELECTOR = YES;
				GCC_WARN_UNINITIALIZED_AUTOS = YES_AGGRESSIVE;
				GCC_WARN_UNUSED_FUNCTION = YES;
				GCC_WARN_UNUSED_VARIABLE = YES;
				IPHONEOS_DEPLOYMENT_TARGET = 9.1;
				MTL_ENABLE_DEBUG_INFO = YES;
				ONLY_ACTIVE_ARCH = YES;
				SDKROOT = iphoneos;
				TARGETED_DEVICE_FAMILY = "1,2";
			};
			name = Debug;
		};
		E2C65A171C03EA710058BAD6 /* Release */ = {
			isa = XCBuildConfiguration;
			buildSettings = {
				ALWAYS_SEARCH_USER_PATHS = NO;
				CLANG_CXX_LANGUAGE_STANDARD = "gnu++0x";
				CLANG_CXX_LIBRARY = "libc++";
				CLANG_ENABLE_MODULES = YES;
				CLANG_ENABLE_OBJC_ARC = YES;
				CLANG_WARN_BOOL_CONVERSION = YES;
				CLANG_WARN_CONSTANT_CONVERSION = YES;
				CLANG_WARN_DIRECT_OBJC_ISA_USAGE = YES_ERROR;
				CLANG_WARN_EMPTY_BODY = YES;
				CLANG_WARN_ENUM_CONVERSION = YES;
				CLANG_WARN_INT_CONVERSION = YES;
				CLANG_WARN_OBJC_ROOT_CLASS = YES_ERROR;
				CLANG_WARN_UNREACHABLE_CODE = YES;
				CLANG_WARN__DUPLICATE_METHOD_MATCH = YES;
				"CODE_SIGN_IDENTITY[sdk=iphoneos*]" = "iPhone Developer";
				COPY_PHASE_STRIP = NO;
				DEBUG_INFORMATION_FORMAT = "dwarf-with-dsym";
				ENABLE_NS_ASSERTIONS = NO;
				ENABLE_STRICT_OBJC_MSGSEND = YES;
				GCC_C_LANGUAGE_STANDARD = gnu99;
				GCC_NO_COMMON_BLOCKS = YES;
				GCC_WARN_64_TO_32_BIT_CONVERSION = YES;
				GCC_WARN_ABOUT_RETURN_TYPE = YES_ERROR;
				GCC_WARN_UNDECLARED_SELECTOR = YES;
				GCC_WARN_UNINITIALIZED_AUTOS = YES_AGGRESSIVE;
				GCC_WARN_UNUSED_FUNCTION = YES;
				GCC_WARN_UNUSED_VARIABLE = YES;
				IPHONEOS_DEPLOYMENT_TARGET = 9.1;
				MTL_ENABLE_DEBUG_INFO = NO;
				SDKROOT = iphoneos;
				TARGETED_DEVICE_FAMILY = "1,2";
				VALIDATE_PRODUCT = YES;
			};
			name = Release;
		};
		E2C65A191C03EA710058BAD6 /* Debug */ = {
			isa = XCBuildConfiguration;
			buildSettings = {
				ASSETCATALOG_COMPILER_APPICON_NAME = AppIcon;
				INFOPLIST_FILE = ThePear/Info.plist;
				IPHONEOS_DEPLOYMENT_TARGET = 9.1;
				LD_RUNPATH_SEARCH_PATHS = "$(inherited) @executable_path/Frameworks";
				PRODUCT_BUNDLE_IDENTIFIER = com.swiftkey.iosteam.ThePear;
				PRODUCT_NAME = "$(TARGET_NAME)";
			};
			name = Debug;
		};
		E2C65A1A1C03EA710058BAD6 /* Release */ = {
			isa = XCBuildConfiguration;
			buildSettings = {
				ASSETCATALOG_COMPILER_APPICON_NAME = AppIcon;
				INFOPLIST_FILE = ThePear/Info.plist;
				IPHONEOS_DEPLOYMENT_TARGET = 9.1;
				LD_RUNPATH_SEARCH_PATHS = "$(inherited) @executable_path/Frameworks";
				PRODUCT_BUNDLE_IDENTIFIER = com.swiftkey.iosteam.ThePear;
				PRODUCT_NAME = "$(TARGET_NAME)";
			};
			name = Release;
		};
/* End XCBuildConfiguration section */

/* Begin XCConfigurationList section */
		E2C659FC1C03EA710058BAD6 /* Build configuration list for PBXProject "ThePear" */ = {
			isa = XCConfigurationList;
			buildConfigurations = (
				E2C65A161C03EA710058BAD6 /* Debug */,
				E2C65A171C03EA710058BAD6 /* Release */,
			);
			defaultConfigurationIsVisible = 0;
			defaultConfigurationName = Release;
		};
		E2C65A181C03EA710058BAD6 /* Build configuration list for PBXNativeTarget "ThePear" */ = {
			isa = XCConfigurationList;
			buildConfigurations = (
				E2C65A191C03EA710058BAD6 /* Debug */,
				E2C65A1A1C03EA710058BAD6 /* Release */,
			);
			defaultConfigurationIsVisible = 0;
			defaultConfigurationName = Release;
		};
/* End XCConfigurationList section */
	};
	rootObject = E2C659F91C03EA710058BAD6 /* Project object */;
}
